
Microsoft Visual Studio Solution File, Format Version 12.00
# Visual Studio Version 17
VisualStudioVersion = 17.0.31903.59
MinimumVisualStudioVersion = 10.0.40219.1
Project("{FAE04EC0-301F-11D3-BF4B-00C04F79EFBC}") = "day1", "day1\day1.csproj", "{24F91585-5F9E-4CA2-A54E-463EAFAEAC2F}"
EndProject
Project("{FAE04EC0-301F-11D3-BF4B-00C04F79EFBC}") = "day2", "day2\day2.csproj", "{B79AACCE-B4C3-4380-8BD0-A56A9412D974}"
EndProject
Project("{FAE04EC0-301F-11D3-BF4B-00C04F79EFBC}") = "day3", "day3\day3.csproj", "{9E48DFA4-FAB6-43A1-969B-9057AD2EC814}"
EndProject
Project("{FAE04EC0-301F-11D3-BF4B-00C04F79EFBC}") = "day4", "day4\day4.csproj", "{7467CEC0-106E-4566-9A82-4748DE9A649C}"
EndProject
Project("{FAE04EC0-301F-11D3-BF4B-00C04F79EFBC}") = "day5", "day5\day5.csproj", "{EE415AEF-4FF8-42DA-9820-D1D8B184DAA6}"
EndProject
Project("{FAE04EC0-301F-11D3-BF4B-00C04F79EFBC}") = "day6", "day6\day6.csproj", "{39E56610-02DC-4D7A-92BC-131E1E27464F}"
EndProject
Project("{FAE04EC0-301F-11D3-BF4B-00C04F79EFBC}") = "day7", "day7\day7.csproj", "{377A3D87-92D3-4C51-896A-C8D7C2EA7E1F}"
EndProject
Project("{FAE04EC0-301F-11D3-BF4B-00C04F79EFBC}") = "day8", "day8\day8.csproj", "{41006A8F-0E05-402F-B080-15C43DC40965}"
EndProject
Project("{FAE04EC0-301F-11D3-BF4B-00C04F79EFBC}") = "day9", "day9\day9.csproj", "{20514B56-0858-46F2-9B95-7C0D228F4D12}"
EndProject
Project("{FAE04EC0-301F-11D3-BF4B-00C04F79EFBC}") = "day10", "day10\day10.csproj", "{7C4B2013-53EA-408F-B07E-CEEA493568D1}"
EndProject
Project("{FAE04EC0-301F-11D3-BF4B-00C04F79EFBC}") = "day11", "day11\day11.csproj", "{7AD40F45-81E5-49E8-8116-05CC596C93B9}"
EndProject
Global
	GlobalSection(SolutionConfigurationPlatforms) = preSolution
		Debug|Any CPU = Debug|Any CPU
		Release|Any CPU = Release|Any CPU
	EndGlobalSection
	GlobalSection(SolutionProperties) = preSolution
		HideSolutionNode = FALSE
	EndGlobalSection
	GlobalSection(ProjectConfigurationPlatforms) = postSolution
		{24F91585-5F9E-4CA2-A54E-463EAFAEAC2F}.Debug|Any CPU.ActiveCfg = Debug|Any CPU
		{24F91585-5F9E-4CA2-A54E-463EAFAEAC2F}.Debug|Any CPU.Build.0 = Debug|Any CPU
		{24F91585-5F9E-4CA2-A54E-463EAFAEAC2F}.Release|Any CPU.ActiveCfg = Release|Any CPU
		{24F91585-5F9E-4CA2-A54E-463EAFAEAC2F}.Release|Any CPU.Build.0 = Release|Any CPU
		{B79AACCE-B4C3-4380-8BD0-A56A9412D974}.Debug|Any CPU.ActiveCfg = Debug|Any CPU
		{B79AACCE-B4C3-4380-8BD0-A56A9412D974}.Debug|Any CPU.Build.0 = Debug|Any CPU
		{B79AACCE-B4C3-4380-8BD0-A56A9412D974}.Release|Any CPU.ActiveCfg = Release|Any CPU
		{B79AACCE-B4C3-4380-8BD0-A56A9412D974}.Release|Any CPU.Build.0 = Release|Any CPU
		{9E48DFA4-FAB6-43A1-969B-9057AD2EC814}.Debug|Any CPU.ActiveCfg = Debug|Any CPU
		{9E48DFA4-FAB6-43A1-969B-9057AD2EC814}.Debug|Any CPU.Build.0 = Debug|Any CPU
		{9E48DFA4-FAB6-43A1-969B-9057AD2EC814}.Release|Any CPU.ActiveCfg = Release|Any CPU
		{9E48DFA4-FAB6-43A1-969B-9057AD2EC814}.Release|Any CPU.Build.0 = Release|Any CPU
		{7467CEC0-106E-4566-9A82-4748DE9A649C}.Debug|Any CPU.ActiveCfg = Debug|Any CPU
		{7467CEC0-106E-4566-9A82-4748DE9A649C}.Debug|Any CPU.Build.0 = Debug|Any CPU
		{7467CEC0-106E-4566-9A82-4748DE9A649C}.Release|Any CPU.ActiveCfg = Release|Any CPU
		{7467CEC0-106E-4566-9A82-4748DE9A649C}.Release|Any CPU.Build.0 = Release|Any CPU
		{EE415AEF-4FF8-42DA-9820-D1D8B184DAA6}.Debug|Any CPU.ActiveCfg = Debug|Any CPU
		{EE415AEF-4FF8-42DA-9820-D1D8B184DAA6}.Debug|Any CPU.Build.0 = Debug|Any CPU
		{EE415AEF-4FF8-42DA-9820-D1D8B184DAA6}.Release|Any CPU.ActiveCfg = Release|Any CPU
		{EE415AEF-4FF8-42DA-9820-D1D8B184DAA6}.Release|Any CPU.Build.0 = Release|Any CPU
		{39E56610-02DC-4D7A-92BC-131E1E27464F}.Debug|Any CPU.ActiveCfg = Debug|Any CPU
		{39E56610-02DC-4D7A-92BC-131E1E27464F}.Debug|Any CPU.Build.0 = Debug|Any CPU
		{39E56610-02DC-4D7A-92BC-131E1E27464F}.Release|Any CPU.ActiveCfg = Release|Any CPU
		{39E56610-02DC-4D7A-92BC-131E1E27464F}.Release|Any CPU.Build.0 = Release|Any CPU
		{377A3D87-92D3-4C51-896A-C8D7C2EA7E1F}.Debug|Any CPU.ActiveCfg = Debug|Any CPU
		{377A3D87-92D3-4C51-896A-C8D7C2EA7E1F}.Debug|Any CPU.Build.0 = Debug|Any CPU
		{377A3D87-92D3-4C51-896A-C8D7C2EA7E1F}.Release|Any CPU.ActiveCfg = Release|Any CPU
		{377A3D87-92D3-4C51-896A-C8D7C2EA7E1F}.Release|Any CPU.Build.0 = Release|Any CPU
		{41006A8F-0E05-402F-B080-15C43DC40965}.Debug|Any CPU.ActiveCfg = Debug|Any CPU
		{41006A8F-0E05-402F-B080-15C43DC40965}.Debug|Any CPU.Build.0 = Debug|Any CPU
		{41006A8F-0E05-402F-B080-15C43DC40965}.Release|Any CPU.ActiveCfg = Release|Any CPU
		{41006A8F-0E05-402F-B080-15C43DC40965}.Release|Any CPU.Build.0 = Release|Any CPU
		{20514B56-0858-46F2-9B95-7C0D228F4D12}.Debug|Any CPU.ActiveCfg = Debug|Any CPU
		{20514B56-0858-46F2-9B95-7C0D228F4D12}.Debug|Any CPU.Build.0 = Debug|Any CPU
		{20514B56-0858-46F2-9B95-7C0D228F4D12}.Release|Any CPU.ActiveCfg = Release|Any CPU
		{20514B56-0858-46F2-9B95-7C0D228F4D12}.Release|Any CPU.Build.0 = Release|Any CPU
		{7C4B2013-53EA-408F-B07E-CEEA493568D1}.Debug|Any CPU.ActiveCfg = Debug|Any CPU
		{7C4B2013-53EA-408F-B07E-CEEA493568D1}.Debug|Any CPU.Build.0 = Debug|Any CPU
		{7C4B2013-53EA-408F-B07E-CEEA493568D1}.Release|Any CPU.ActiveCfg = Release|Any CPU
		{7C4B2013-53EA-408F-B07E-CEEA493568D1}.Release|Any CPU.Build.0 = Release|Any CPU
		{7AD40F45-81E5-49E8-8116-05CC596C93B9}.Debug|Any CPU.ActiveCfg = Debug|Any CPU
		{7AD40F45-81E5-49E8-8116-05CC596C93B9}.Debug|Any CPU.Build.0 = Debug|Any CPU
		{7AD40F45-81E5-49E8-8116-05CC596C93B9}.Release|Any CPU.ActiveCfg = Release|Any CPU
		{7AD40F45-81E5-49E8-8116-05CC596C93B9}.Release|Any CPU.Build.0 = Release|Any CPU
	EndGlobalSection
EndGlobal
